
Microsoft Visual Studio Solution File, Format Version 12.00
# Visual Studio Version 17
VisualStudioVersion = 17.4.33205.214
MinimumVisualStudioVersion = 10.0.40219.1
Project("{FAE04EC0-301F-11D3-BF4B-00C04F79EFBC}") = "Employee_Master", "Employee_Master.csproj", "{B8A5A54F-4C94-42BB-84C3-988669CC2393}"
EndProject
Global
	GlobalSection(SolutionConfigurationPlatforms) = preSolution
		Debug|Any CPU = Debug|Any CPU
		Release|Any CPU = Release|Any CPU
	EndGlobalSection
	GlobalSection(ProjectConfigurationPlatforms) = postSolution
		{B8A5A54F-4C94-42BB-84C3-988669CC2393}.Debug|Any CPU.ActiveCfg = Debug|Any CPU
		{B8A5A54F-4C94-42BB-84C3-988669CC2393}.Debug|Any CPU.Build.0 = Debug|Any CPU
		{B8A5A54F-4C94-42BB-84C3-988669CC2393}.Release|Any CPU.ActiveCfg = Release|Any CPU
		{B8A5A54F-4C94-42BB-84C3-988669CC2393}.Release|Any CPU.Build.0 = Release|Any CPU
	EndGlobalSection
	GlobalSection(SolutionProperties) = preSolution
		HideSolutionNode = FALSE
	EndGlobalSection
	GlobalSection(ExtensibilityGlobals) = postSolution
		SolutionGuid = {D07B3A1A-D384-4129-8C11-8BD25FBEA03E}
	EndGlobalSection
EndGlobal
